// !$*UTF8*$!
{
	archiveVersion = 1;
	classes = {
	};
	objectVersion = 56;
	objects = {

/* Begin PBXBuildFile section */
		2530500D2AE6B189008CC30D /* LoginController.swift in Sources */ = {isa = PBXBuildFile; fileRef = 2530500C2AE6B189008CC30D /* LoginController.swift */; };
		253050112AE6B1CD008CC30D /* SearchController.swift in Sources */ = {isa = PBXBuildFile; fileRef = 253050102AE6B1CD008CC30D /* SearchController.swift */; };
		253050132AE6B219008CC30D /* AccountController.swift in Sources */ = {isa = PBXBuildFile; fileRef = 253050122AE6B219008CC30D /* AccountController.swift */; };
		253B64602AE67CCF00B86043 /* DataManager.swift in Sources */ = {isa = PBXBuildFile; fileRef = 253B645F2AE67CCF00B86043 /* DataManager.swift */; };
		253B64632AE67D2700B86043 /* Realm in Frameworks */ = {isa = PBXBuildFile; productRef = 253B64622AE67D2700B86043 /* Realm */; };
		253B64652AE67D2700B86043 /* RealmSwift in Frameworks */ = {isa = PBXBuildFile; productRef = 253B64642AE67D2700B86043 /* RealmSwift */; };
		256B45E62AE80C98000530A3 /* CarListCell.swift in Sources */ = {isa = PBXBuildFile; fileRef = 256B45E42AE80C98000530A3 /* CarListCell.swift */; };
		256B45E72AE80C98000530A3 /* CarListCell.xib in Resources */ = {isa = PBXBuildFile; fileRef = 256B45E52AE80C98000530A3 /* CarListCell.xib */; };
		256B45EB2AE80D00000530A3 /* CategoryCell.swift in Sources */ = {isa = PBXBuildFile; fileRef = 256B45E92AE80D00000530A3 /* CategoryCell.swift */; };
		256B45EC2AE80D00000530A3 /* CategoryCell.xib in Resources */ = {isa = PBXBuildFile; fileRef = 256B45EA2AE80D00000530A3 /* CategoryCell.xib */; };
		25C0A48C2AEFDD7E001ED522 /* VehiclesController.swift in Sources */ = {isa = PBXBuildFile; fileRef = 25C0A48B2AEFDD7E001ED522 /* VehiclesController.swift */; };
		25C0A4912AF12C9E001ED522 /* CarsHeaderView.swift in Sources */ = {isa = PBXBuildFile; fileRef = 25C0A48F2AF12C9E001ED522 /* CarsHeaderView.swift */; };
		25C0A4922AF12C9E001ED522 /* CarsHeaderView.xib in Resources */ = {isa = PBXBuildFile; fileRef = 25C0A4902AF12C9E001ED522 /* CarsHeaderView.xib */; };
		25E5B0DA2AE7D60100593009 /* TabBarController.swift in Sources */ = {isa = PBXBuildFile; fileRef = 25E5B0D92AE7D60100593009 /* TabBarController.swift */; };
		FE9D309C2AE3A6040004F029 /* AppDelegate.swift in Sources */ = {isa = PBXBuildFile; fileRef = FE9D309B2AE3A6040004F029 /* AppDelegate.swift */; };
		FE9D309E2AE3A6040004F029 /* SceneDelegate.swift in Sources */ = {isa = PBXBuildFile; fileRef = FE9D309D2AE3A6040004F029 /* SceneDelegate.swift */; };
		FE9D30A32AE3A6040004F029 /* Main.storyboard in Resources */ = {isa = PBXBuildFile; fileRef = FE9D30A12AE3A6040004F029 /* Main.storyboard */; };
		FE9D30A82AE3A6060004F029 /* Assets.xcassets in Resources */ = {isa = PBXBuildFile; fileRef = FE9D30A72AE3A6060004F029 /* Assets.xcassets */; };
		FE9D30AB2AE3A6060004F029 /* LaunchScreen.storyboard in Resources */ = {isa = PBXBuildFile; fileRef = FE9D30A92AE3A6060004F029 /* LaunchScreen.storyboard */; };
/* End PBXBuildFile section */

/* Begin PBXFileReference section */
		2530500C2AE6B189008CC30D /* LoginController.swift */ = {isa = PBXFileReference; lastKnownFileType = sourcecode.swift; path = LoginController.swift; sourceTree = "<group>"; };
		253050102AE6B1CD008CC30D /* SearchController.swift */ = {isa = PBXFileReference; lastKnownFileType = sourcecode.swift; path = SearchController.swift; sourceTree = "<group>"; };
		253050122AE6B219008CC30D /* AccountController.swift */ = {isa = PBXFileReference; lastKnownFileType = sourcecode.swift; path = AccountController.swift; sourceTree = "<group>"; };
		253B645F2AE67CCF00B86043 /* DataManager.swift */ = {isa = PBXFileReference; lastKnownFileType = sourcecode.swift; path = DataManager.swift; sourceTree = "<group>"; };
		256B45E42AE80C98000530A3 /* CarListCell.swift */ = {isa = PBXFileReference; lastKnownFileType = sourcecode.swift; path = CarListCell.swift; sourceTree = "<group>"; };
		256B45E52AE80C98000530A3 /* CarListCell.xib */ = {isa = PBXFileReference; lastKnownFileType = file.xib; path = CarListCell.xib; sourceTree = "<group>"; };
		256B45E92AE80D00000530A3 /* CategoryCell.swift */ = {isa = PBXFileReference; lastKnownFileType = sourcecode.swift; path = CategoryCell.swift; sourceTree = "<group>"; };
		256B45EA2AE80D00000530A3 /* CategoryCell.xib */ = {isa = PBXFileReference; lastKnownFileType = file.xib; path = CategoryCell.xib; sourceTree = "<group>"; };
		25C0A48B2AEFDD7E001ED522 /* VehiclesController.swift */ = {isa = PBXFileReference; lastKnownFileType = sourcecode.swift; path = VehiclesController.swift; sourceTree = "<group>"; };
		25C0A48F2AF12C9E001ED522 /* CarsHeaderView.swift */ = {isa = PBXFileReference; lastKnownFileType = sourcecode.swift; path = CarsHeaderView.swift; sourceTree = "<group>"; };
		25C0A4902AF12C9E001ED522 /* CarsHeaderView.xib */ = {isa = PBXFileReference; lastKnownFileType = file.xib; path = CarsHeaderView.xib; sourceTree = "<group>"; };
		25E5B0D92AE7D60100593009 /* TabBarController.swift */ = {isa = PBXFileReference; lastKnownFileType = sourcecode.swift; path = TabBarController.swift; sourceTree = "<group>"; };
		FE9D30982AE3A6040004F029 /* CarRentalApp.app */ = {isa = PBXFileReference; explicitFileType = wrapper.application; includeInIndex = 0; path = CarRentalApp.app; sourceTree = BUILT_PRODUCTS_DIR; };
		FE9D309B2AE3A6040004F029 /* AppDelegate.swift */ = {isa = PBXFileReference; lastKnownFileType = sourcecode.swift; path = AppDelegate.swift; sourceTree = "<group>"; };
		FE9D309D2AE3A6040004F029 /* SceneDelegate.swift */ = {isa = PBXFileReference; lastKnownFileType = sourcecode.swift; path = SceneDelegate.swift; sourceTree = "<group>"; };
		FE9D30A22AE3A6040004F029 /* Base */ = {isa = PBXFileReference; lastKnownFileType = file.storyboard; name = Base; path = Base.lproj/Main.storyboard; sourceTree = "<group>"; };
		FE9D30A72AE3A6060004F029 /* Assets.xcassets */ = {isa = PBXFileReference; lastKnownFileType = folder.assetcatalog; path = Assets.xcassets; sourceTree = "<group>"; };
		FE9D30AA2AE3A6060004F029 /* Base */ = {isa = PBXFileReference; lastKnownFileType = file.storyboard; name = Base; path = Base.lproj/LaunchScreen.storyboard; sourceTree = "<group>"; };
		FE9D30AC2AE3A6060004F029 /* Info.plist */ = {isa = PBXFileReference; lastKnownFileType = text.plist.xml; path = Info.plist; sourceTree = "<group>"; };
/* End PBXFileReference section */

/* Begin PBXFrameworksBuildPhase section */
		FE9D30952AE3A6040004F029 /* Frameworks */ = {
			isa = PBXFrameworksBuildPhase;
			buildActionMask = 2147483647;
			files = (
				253B64652AE67D2700B86043 /* RealmSwift in Frameworks */,
				253B64632AE67D2700B86043 /* Realm in Frameworks */,
			);
			runOnlyForDeploymentPostprocessing = 0;
		};
/* End PBXFrameworksBuildPhase section */

/* Begin PBXGroup section */
		2530501B2AE6C211008CC30D /* Vehicle */ = {
			isa = PBXGroup;
			children = (
				25C0A48B2AEFDD7E001ED522 /* VehiclesController.swift */,
			);
			path = Vehicle;
			sourceTree = "<group>";
		};
		2530501C2AE6C21F008CC30D /* Search */ = {
			isa = PBXGroup;
			children = (
				253050102AE6B1CD008CC30D /* SearchController.swift */,
			);
			path = Search;
			sourceTree = "<group>";
		};
		2530501D2AE6C227008CC30D /* Account */ = {
			isa = PBXGroup;
			children = (
				253050122AE6B219008CC30D /* AccountController.swift */,
			);
			path = Account;
			sourceTree = "<group>";
		};
		2530501E2AE6C233008CC30D /* Login */ = {
			isa = PBXGroup;
			children = (
				2530500C2AE6B189008CC30D /* LoginController.swift */,
			);
			path = Login;
			sourceTree = "<group>";
		};
		2530501F2AE6C23B008CC30D /* Helper */ = {
			isa = PBXGroup;
			children = (
				253B645F2AE67CCF00B86043 /* DataManager.swift */,
			);
			path = Helper;
			sourceTree = "<group>";
		};
		256B45E82AE80C9E000530A3 /* CarListCell */ = {
			isa = PBXGroup;
			children = (
				256B45E42AE80C98000530A3 /* CarListCell.swift */,
				256B45E52AE80C98000530A3 /* CarListCell.xib */,
			);
			path = CarListCell;
			sourceTree = "<group>";
		};
		256B45ED2AE80D06000530A3 /* CategoryCell */ = {
			isa = PBXGroup;
			children = (
				256B45E92AE80D00000530A3 /* CategoryCell.swift */,
				256B45EA2AE80D00000530A3 /* CategoryCell.xib */,
			);
			path = CategoryCell;
			sourceTree = "<group>";
		};
		25C0A4952AF4EDDD001ED522 /* Header */ = {
			isa = PBXGroup;
			children = (
				25C0A48F2AF12C9E001ED522 /* CarsHeaderView.swift */,
				25C0A4902AF12C9E001ED522 /* CarsHeaderView.xib */,
			);
			path = Header;
			sourceTree = "<group>";
		};
		25E5B0DB2AE7D60800593009 /* TabBar */ = {
			isa = PBXGroup;
			children = (
				25E5B0D92AE7D60100593009 /* TabBarController.swift */,
			);
			path = TabBar;
			sourceTree = "<group>";
		};
		FE9D308F2AE3A6040004F029 = {
			isa = PBXGroup;
			children = (
				FE9D309A2AE3A6040004F029 /* CarRentalApp */,
				FE9D30A92AE3A6060004F029 /* LaunchScreen.storyboard */,
				FE9D30A72AE3A6060004F029 /* Assets.xcassets */,
				FE9D30A12AE3A6040004F029 /* Main.storyboard */,
				FE9D30AC2AE3A6060004F029 /* Info.plist */,
				FE9D30992AE3A6040004F029 /* Products */,
			);
			sourceTree = "<group>";
		};
		FE9D30992AE3A6040004F029 /* Products */ = {
			isa = PBXGroup;
			children = (
				FE9D30982AE3A6040004F029 /* CarRentalApp.app */,
			);
			name = Products;
			sourceTree = "<group>";
		};
		FE9D309A2AE3A6040004F029 /* CarRentalApp */ = {
			isa = PBXGroup;
			children = (
				FE9D309B2AE3A6040004F029 /* AppDelegate.swift */,
				FE9D309D2AE3A6040004F029 /* SceneDelegate.swift */,
				2530501F2AE6C23B008CC30D /* Helper */,
				2530501E2AE6C233008CC30D /* Login */,
				2530501B2AE6C211008CC30D /* Vehicle */,
				25C0A4952AF4EDDD001ED522 /* Header */,
				2530501C2AE6C21F008CC30D /* Search */,
				2530501D2AE6C227008CC30D /* Account */,
				25E5B0DB2AE7D60800593009 /* TabBar */,
				256B45E82AE80C9E000530A3 /* CarListCell */,
				256B45ED2AE80D06000530A3 /* CategoryCell */,
			);
			path = CarRentalApp;
			sourceTree = "<group>";
		};
/* End PBXGroup section */

/* Begin PBXNativeTarget section */
		FE9D30972AE3A6040004F029 /* CarRentalApp */ = {
			isa = PBXNativeTarget;
			buildConfigurationList = FE9D30AF2AE3A6060004F029 /* Build configuration list for PBXNativeTarget "CarRentalApp" */;
			buildPhases = (
				FE9D30942AE3A6040004F029 /* Sources */,
				FE9D30952AE3A6040004F029 /* Frameworks */,
				FE9D30962AE3A6040004F029 /* Resources */,
			);
			buildRules = (
			);
			dependencies = (
			);
			name = CarRentalApp;
			packageProductDependencies = (
				253B64622AE67D2700B86043 /* Realm */,
				253B64642AE67D2700B86043 /* RealmSwift */,
			);
			productName = CarRentalApp;
			productReference = FE9D30982AE3A6040004F029 /* CarRentalApp.app */;
			productType = "com.apple.product-type.application";
		};
/* End PBXNativeTarget section */

/* Begin PBXProject section */
		FE9D30902AE3A6040004F029 /* Project object */ = {
			isa = PBXProject;
			attributes = {
				BuildIndependentTargetsInParallel = 1;
				LastSwiftUpdateCheck = 1500;
				LastUpgradeCheck = 1500;
				TargetAttributes = {
					FE9D30972AE3A6040004F029 = {
						CreatedOnToolsVersion = 15.0;
					};
				};
			};
			buildConfigurationList = FE9D30932AE3A6040004F029 /* Build configuration list for PBXProject "CarRentalApp" */;
			compatibilityVersion = "Xcode 14.0";
			developmentRegion = en;
			hasScannedForEncodings = 0;
			knownRegions = (
				en,
				Base,
			);
			mainGroup = FE9D308F2AE3A6040004F029;
			packageReferences = (
				253B64612AE67D2700B86043 /* XCRemoteSwiftPackageReference "realm-swift" */,
			);
			productRefGroup = FE9D30992AE3A6040004F029 /* Products */;
			projectDirPath = "";
			projectRoot = "";
			targets = (
				FE9D30972AE3A6040004F029 /* CarRentalApp */,
			);
		};
/* End PBXProject section */

/* Begin PBXResourcesBuildPhase section */
		FE9D30962AE3A6040004F029 /* Resources */ = {
			isa = PBXResourcesBuildPhase;
			buildActionMask = 2147483647;
			files = (
				256B45EC2AE80D00000530A3 /* CategoryCell.xib in Resources */,
				FE9D30AB2AE3A6060004F029 /* LaunchScreen.storyboard in Resources */,
				FE9D30A82AE3A6060004F029 /* Assets.xcassets in Resources */,
				256B45E72AE80C98000530A3 /* CarListCell.xib in Resources */,
				25C0A4922AF12C9E001ED522 /* CarsHeaderView.xib in Resources */,
				FE9D30A32AE3A6040004F029 /* Main.storyboard in Resources */,
			);
			runOnlyForDeploymentPostprocessing = 0;
		};
/* End PBXResourcesBuildPhase section */

/* Begin PBXSourcesBuildPhase section */
		FE9D30942AE3A6040004F029 /* Sources */ = {
			isa = PBXSourcesBuildPhase;
			buildActionMask = 2147483647;
			files = (
				253050132AE6B219008CC30D /* AccountController.swift in Sources */,
				253050112AE6B1CD008CC30D /* SearchController.swift in Sources */,
				25E5B0DA2AE7D60100593009 /* TabBarController.swift in Sources */,
				253B64602AE67CCF00B86043 /* DataManager.swift in Sources */,
				256B45E62AE80C98000530A3 /* CarListCell.swift in Sources */,
				FE9D309C2AE3A6040004F029 /* AppDelegate.swift in Sources */,
				25C0A48C2AEFDD7E001ED522 /* VehiclesController.swift in Sources */,
				FE9D309E2AE3A6040004F029 /* SceneDelegate.swift in Sources */,
				2530500D2AE6B189008CC30D /* LoginController.swift in Sources */,
				256B45EB2AE80D00000530A3 /* CategoryCell.swift in Sources */,
				25C0A4912AF12C9E001ED522 /* CarsHeaderView.swift in Sources */,
			);
			runOnlyForDeploymentPostprocessing = 0;
		};
/* End PBXSourcesBuildPhase section */

/* Begin PBXVariantGroup section */
		FE9D30A12AE3A6040004F029 /* Main.storyboard */ = {
			isa = PBXVariantGroup;
			children = (
				FE9D30A22AE3A6040004F029 /* Base */,
			);
			name = Main.storyboard;
			sourceTree = "<group>";
		};
		FE9D30A92AE3A6060004F029 /* LaunchScreen.storyboard */ = {
			isa = PBXVariantGroup;
			children = (
				FE9D30AA2AE3A6060004F029 /* Base */,
			);
			name = LaunchScreen.storyboard;
			sourceTree = "<group>";
		};
/* End PBXVariantGroup section */

/* Begin XCBuildConfiguration section */
		FE9D30AD2AE3A6060004F029 /* Debug */ = {
			isa = XCBuildConfiguration;
			buildSettings = {
				ALWAYS_SEARCH_USER_PATHS = NO;
				ASSETCATALOG_COMPILER_GENERATE_SWIFT_ASSET_SYMBOL_EXTENSIONS = YES;
				CLANG_ANALYZER_NONNULL = YES;
				CLANG_ANALYZER_NUMBER_OBJECT_CONVERSION = YES_AGGRESSIVE;
				CLANG_CXX_LANGUAGE_STANDARD = "gnu++20";
				CLANG_ENABLE_MODULES = YES;
				CLANG_ENABLE_OBJC_ARC = YES;
				CLANG_ENABLE_OBJC_WEAK = YES;
				CLANG_WARN_BLOCK_CAPTURE_AUTORELEASING = YES;
				CLANG_WARN_BOOL_CONVERSION = YES;
				CLANG_WARN_COMMA = YES;
				CLANG_WARN_CONSTANT_CONVERSION = YES;
				CLANG_WARN_DEPRECATED_OBJC_IMPLEMENTATIONS = YES;
				CLANG_WARN_DIRECT_OBJC_ISA_USAGE = YES_ERROR;
				CLANG_WARN_DOCUMENTATION_COMMENTS = YES;
				CLANG_WARN_EMPTY_BODY = YES;
				CLANG_WARN_ENUM_CONVERSION = YES;
				CLANG_WARN_INFINITE_RECURSION = YES;
				CLANG_WARN_INT_CONVERSION = YES;
				CLANG_WARN_NON_LITERAL_NULL_CONVERSION = YES;
				CLANG_WARN_OBJC_IMPLICIT_RETAIN_SELF = YES;
				CLANG_WARN_OBJC_LITERAL_CONVERSION = YES;
				CLANG_WARN_OBJC_ROOT_CLASS = YES_ERROR;
				CLANG_WARN_QUOTED_INCLUDE_IN_FRAMEWORK_HEADER = YES;
				CLANG_WARN_RANGE_LOOP_ANALYSIS = YES;
				CLANG_WARN_STRICT_PROTOTYPES = YES;
				CLANG_WARN_SUSPICIOUS_MOVE = YES;
				CLANG_WARN_UNGUARDED_AVAILABILITY = YES_AGGRESSIVE;
				CLANG_WARN_UNREACHABLE_CODE = YES;
				CLANG_WARN__DUPLICATE_METHOD_MATCH = YES;
				COPY_PHASE_STRIP = NO;
				DEBUG_INFORMATION_FORMAT = dwarf;
				ENABLE_STRICT_OBJC_MSGSEND = YES;
				ENABLE_TESTABILITY = YES;
				ENABLE_USER_SCRIPT_SANDBOXING = YES;
				GCC_C_LANGUAGE_STANDARD = gnu17;
				GCC_DYNAMIC_NO_PIC = NO;
				GCC_NO_COMMON_BLOCKS = YES;
				GCC_OPTIMIZATION_LEVEL = 0;
				GCC_PREPROCESSOR_DEFINITIONS = (
					"DEBUG=1",
					"$(inherited)",
				);
				GCC_WARN_64_TO_32_BIT_CONVERSION = YES;
				GCC_WARN_ABOUT_RETURN_TYPE = YES_ERROR;
				GCC_WARN_UNDECLARED_SELECTOR = YES;
				GCC_WARN_UNINITIALIZED_AUTOS = YES_AGGRESSIVE;
				GCC_WARN_UNUSED_FUNCTION = YES;
				GCC_WARN_UNUSED_VARIABLE = YES;
				IPHONEOS_DEPLOYMENT_TARGET = 17.0;
				LOCALIZATION_PREFERS_STRING_CATALOGS = YES;
				MTL_ENABLE_DEBUG_INFO = INCLUDE_SOURCE;
				MTL_FAST_MATH = YES;
				ONLY_ACTIVE_ARCH = YES;
				SDKROOT = iphoneos;
				SWIFT_ACTIVE_COMPILATION_CONDITIONS = "DEBUG $(inherited)";
				SWIFT_OPTIMIZATION_LEVEL = "-Onone";
			};
			name = Debug;
		};
		FE9D30AE2AE3A6060004F029 /* Release */ = {
			isa = XCBuildConfiguration;
			buildSettings = {
				ALWAYS_SEARCH_USER_PATHS = NO;
				ASSETCATALOG_COMPILER_GENERATE_SWIFT_ASSET_SYMBOL_EXTENSIONS = YES;
				CLANG_ANALYZER_NONNULL = YES;
				CLANG_ANALYZER_NUMBER_OBJECT_CONVERSION = YES_AGGRESSIVE;
				CLANG_CXX_LANGUAGE_STANDARD = "gnu++20";
				CLANG_ENABLE_MODULES = YES;
				CLANG_ENABLE_OBJC_ARC = YES;
				CLANG_ENABLE_OBJC_WEAK = YES;
				CLANG_WARN_BLOCK_CAPTURE_AUTORELEASING = YES;
				CLANG_WARN_BOOL_CONVERSION = YES;
				CLANG_WARN_COMMA = YES;
				CLANG_WARN_CONSTANT_CONVERSION = YES;
				CLANG_WARN_DEPRECATED_OBJC_IMPLEMENTATIONS = YES;
				CLANG_WARN_DIRECT_OBJC_ISA_USAGE = YES_ERROR;
				CLANG_WARN_DOCUMENTATION_COMMENTS = YES;
				CLANG_WARN_EMPTY_BODY = YES;
				CLANG_WARN_ENUM_CONVERSION = YES;
				CLANG_WARN_INFINITE_RECURSION = YES;
				CLANG_WARN_INT_CONVERSION = YES;
				CLANG_WARN_NON_LITERAL_NULL_CONVERSION = YES;
				CLANG_WARN_OBJC_IMPLICIT_RETAIN_SELF = YES;
				CLANG_WARN_OBJC_LITERAL_CONVERSION = YES;
				CLANG_WARN_OBJC_ROOT_CLASS = YES_ERROR;
				CLANG_WARN_QUOTED_INCLUDE_IN_FRAMEWORK_HEADER = YES;
				CLANG_WARN_RANGE_LOOP_ANALYSIS = YES;
				CLANG_WARN_STRICT_PROTOTYPES = YES;
				CLANG_WARN_SUSPICIOUS_MOVE = YES;
				CLANG_WARN_UNGUARDED_AVAILABILITY = YES_AGGRESSIVE;
				CLANG_WARN_UNREACHABLE_CODE = YES;
				CLANG_WARN__DUPLICATE_METHOD_MATCH = YES;
				COPY_PHASE_STRIP = NO;
				DEBUG_INFORMATION_FORMAT = "dwarf-with-dsym";
				ENABLE_NS_ASSERTIONS = NO;
				ENABLE_STRICT_OBJC_MSGSEND = YES;
				ENABLE_USER_SCRIPT_SANDBOXING = YES;
				GCC_C_LANGUAGE_STANDARD = gnu17;
				GCC_NO_COMMON_BLOCKS = YES;
				GCC_WARN_64_TO_32_BIT_CONVERSION = YES;
				GCC_WARN_ABOUT_RETURN_TYPE = YES_ERROR;
				GCC_WARN_UNDECLARED_SELECTOR = YES;
				GCC_WARN_UNINITIALIZED_AUTOS = YES_AGGRESSIVE;
				GCC_WARN_UNUSED_FUNCTION = YES;
				GCC_WARN_UNUSED_VARIABLE = YES;
				IPHONEOS_DEPLOYMENT_TARGET = 17.0;
				LOCALIZATION_PREFERS_STRING_CATALOGS = YES;
				MTL_ENABLE_DEBUG_INFO = NO;
				MTL_FAST_MATH = YES;
				SDKROOT = iphoneos;
				SWIFT_COMPILATION_MODE = wholemodule;
				VALIDATE_PRODUCT = YES;
			};
			name = Release;
		};
		FE9D30B02AE3A6060004F029 /* Debug */ = {
			isa = XCBuildConfiguration;
			buildSettings = {
				ASSETCATALOG_COMPILER_APPICON_NAME = AppIcon;
				ASSETCATALOG_COMPILER_GLOBAL_ACCENT_COLOR_NAME = AccentColor;
				CODE_SIGN_STYLE = Automatic;
				CURRENT_PROJECT_VERSION = 1;
				DEVELOPMENT_TEAM = "";
				GENERATE_INFOPLIST_FILE = YES;
				INFOPLIST_FILE = CarRentalApp/Info.plist;
				INFOPLIST_KEY_UIApplicationSupportsIndirectInputEvents = YES;
				INFOPLIST_KEY_UILaunchStoryboardName = LaunchScreen;
				INFOPLIST_KEY_UIMainStoryboardFile = Main;
				INFOPLIST_KEY_UISupportedInterfaceOrientations_iPad = "UIInterfaceOrientationPortrait UIInterfaceOrientationPortraitUpsideDown UIInterfaceOrientationLandscapeLeft UIInterfaceOrientationLandscapeRight";
				INFOPLIST_KEY_UISupportedInterfaceOrientations_iPhone = "UIInterfaceOrientationPortrait UIInterfaceOrientationLandscapeLeft UIInterfaceOrientationLandscapeRight";
				IPHONEOS_DEPLOYMENT_TARGET = 15.0;
				LD_RUNPATH_SEARCH_PATHS = (
					"$(inherited)",
					"@executable_path/Frameworks",
				);
				MARKETING_VERSION = 1.0;
				PRODUCT_BUNDLE_IDENTIFIER = com.shamkhal.CarRentalApp;
				PRODUCT_NAME = "$(TARGET_NAME)";
				SWIFT_EMIT_LOC_STRINGS = YES;
				SWIFT_VERSION = 5.0;
				TARGETED_DEVICE_FAMILY = "1,2";
			};
			name = Debug;
		};
		FE9D30B12AE3A6060004F029 /* Release */ = {
			isa = XCBuildConfiguration;
			buildSettings = {
				ASSETCATALOG_COMPILER_APPICON_NAME = AppIcon;
				ASSETCATALOG_COMPILER_GLOBAL_ACCENT_COLOR_NAME = AccentColor;
				CODE_SIGN_STYLE = Automatic;
				CURRENT_PROJECT_VERSION = 1;
				DEVELOPMENT_TEAM = "";
				GENERATE_INFOPLIST_FILE = YES;
				INFOPLIST_FILE = CarRentalApp/Info.plist;
				INFOPLIST_KEY_UIApplicationSupportsIndirectInputEvents = YES;
				INFOPLIST_KEY_UILaunchStoryboardName = LaunchScreen;
				INFOPLIST_KEY_UIMainStoryboardFile = Main;
				INFOPLIST_KEY_UISupportedInterfaceOrientations_iPad = "UIInterfaceOrientationPortrait UIInterfaceOrientationPortraitUpsideDown UIInterfaceOrientationLandscapeLeft UIInterfaceOrientationLandscapeRight";
				INFOPLIST_KEY_UISupportedInterfaceOrientations_iPhone = "UIInterfaceOrientationPortrait UIInterfaceOrientationLandscapeLeft UIInterfaceOrientationLandscapeRight";
				IPHONEOS_DEPLOYMENT_TARGET = 15.0;
				LD_RUNPATH_SEARCH_PATHS = (
					"$(inherited)",
					"@executable_path/Frameworks",
				);
				MARKETING_VERSION = 1.0;
				PRODUCT_BUNDLE_IDENTIFIER = com.shamkhal.CarRentalApp;
				PRODUCT_NAME = "$(TARGET_NAME)";
				SWIFT_EMIT_LOC_STRINGS = YES;
				SWIFT_VERSION = 5.0;
				TARGETED_DEVICE_FAMILY = "1,2";
			};
			name = Release;
		};
/* End XCBuildConfiguration section */

/* Begin XCConfigurationList section */
		FE9D30932AE3A6040004F029 /* Build configuration list for PBXProject "CarRentalApp" */ = {
			isa = XCConfigurationList;
			buildConfigurations = (
				FE9D30AD2AE3A6060004F029 /* Debug */,
				FE9D30AE2AE3A6060004F029 /* Release */,
			);
			defaultConfigurationIsVisible = 0;
			defaultConfigurationName = Release;
		};
		FE9D30AF2AE3A6060004F029 /* Build configuration list for PBXNativeTarget "CarRentalApp" */ = {
			isa = XCConfigurationList;
			buildConfigurations = (
				FE9D30B02AE3A6060004F029 /* Debug */,
				FE9D30B12AE3A6060004F029 /* Release */,
			);
			defaultConfigurationIsVisible = 0;
			defaultConfigurationName = Release;
		};
/* End XCConfigurationList section */

/* Begin XCRemoteSwiftPackageReference section */
		253B64612AE67D2700B86043 /* XCRemoteSwiftPackageReference "realm-swift" */ = {
			isa = XCRemoteSwiftPackageReference;
			repositoryURL = "https://github.com/realm/realm-swift.git";
			requirement = {
				branch = master;
				kind = branch;
			};
		};
/* End XCRemoteSwiftPackageReference section */

/* Begin XCSwiftPackageProductDependency section */
		253B64622AE67D2700B86043 /* Realm */ = {
			isa = XCSwiftPackageProductDependency;
			package = 253B64612AE67D2700B86043 /* XCRemoteSwiftPackageReference "realm-swift" */;
			productName = Realm;
		};
		253B64642AE67D2700B86043 /* RealmSwift */ = {
			isa = XCSwiftPackageProductDependency;
			package = 253B64612AE67D2700B86043 /* XCRemoteSwiftPackageReference "realm-swift" */;
			productName = RealmSwift;
		};
/* End XCSwiftPackageProductDependency section */
	};
	rootObject = FE9D30902AE3A6040004F029 /* Project object */;
}
